
Microsoft Visual Studio Solution File, Format Version 12.00
# Visual Studio 15
VisualStudioVersion = 15.0.27130.2024
MinimumVisualStudioVersion = 10.0.40219.1
Project("{FAE04EC0-301F-11D3-BF4B-00C04F79EFBC}") = "ArrayDataGraphic", "ArrayDataGraphic\ArrayDataGraphic.csproj", "{48895316-5EB9-4067-B3AB-AB36FCEDC613}"
EndProject
Global
	GlobalSection(SolutionConfigurationPlatforms) = preSolution
		Debug|Any CPU = Debug|Any CPU
		Release|Any CPU = Release|Any CPU
	EndGlobalSection
	GlobalSection(ProjectConfigurationPlatforms) = postSolution
		{48895316-5EB9-4067-B3AB-AB36FCEDC613}.Debug|Any CPU.ActiveCfg = Debug|Any CPU
		{48895316-5EB9-4067-B3AB-AB36FCEDC613}.Debug|Any CPU.Build.0 = Debug|Any CPU
		{48895316-5EB9-4067-B3AB-AB36FCEDC613}.Release|Any CPU.ActiveCfg = Release|Any CPU
		{48895316-5EB9-4067-B3AB-AB36FCEDC613}.Release|Any CPU.Build.0 = Release|Any CPU
	EndGlobalSection
	GlobalSection(SolutionProperties) = preSolution
		HideSolutionNode = FALSE
	EndGlobalSection
	GlobalSection(ExtensibilityGlobals) = postSolution
		SolutionGuid = {22E13896-3C4B-472C-9B2A-69ECF1805103}
	EndGlobalSection
EndGlobal
