
Microsoft Visual Studio Solution File, Format Version 12.00
# Visual Studio 14
VisualStudioVersion = 14.0.25420.1
MinimumVisualStudioVersion = 10.0.40219.1
Project("{FAE04EC0-301F-11D3-BF4B-00C04F79EFBC}") = "UartOscilloscope", "UartOscilloscope\UartOscilloscope.csproj", "{8D89102B-2B1F-43D5-83C2-DA86889BA3D7}"
EndProject
Project("{FAE04EC0-301F-11D3-BF4B-00C04F79EFBC}") = "UartOscilloscopeTests", "UartOscilloscopeTests\UartOscilloscopeTests.csproj", "{7EC5AE58-596E-4960-8DFC-BBBE353B1F7D}"
EndProject
Global
	GlobalSection(SolutionConfigurationPlatforms) = preSolution
		Debug|Any CPU = Debug|Any CPU
		Release|Any CPU = Release|Any CPU
	EndGlobalSection
	GlobalSection(ProjectConfigurationPlatforms) = postSolution
		{8D89102B-2B1F-43D5-83C2-DA86889BA3D7}.Debug|Any CPU.ActiveCfg = Debug|Any CPU
		{8D89102B-2B1F-43D5-83C2-DA86889BA3D7}.Debug|Any CPU.Build.0 = Debug|Any CPU
		{8D89102B-2B1F-43D5-83C2-DA86889BA3D7}.Release|Any CPU.ActiveCfg = Release|Any CPU
		{8D89102B-2B1F-43D5-83C2-DA86889BA3D7}.Release|Any CPU.Build.0 = Release|Any CPU
		{7EC5AE58-596E-4960-8DFC-BBBE353B1F7D}.Debug|Any CPU.ActiveCfg = Debug|Any CPU
		{7EC5AE58-596E-4960-8DFC-BBBE353B1F7D}.Debug|Any CPU.Build.0 = Debug|Any CPU
		{7EC5AE58-596E-4960-8DFC-BBBE353B1F7D}.Release|Any CPU.ActiveCfg = Release|Any CPU
		{7EC5AE58-596E-4960-8DFC-BBBE353B1F7D}.Release|Any CPU.Build.0 = Release|Any CPU
	EndGlobalSection
	GlobalSection(SolutionProperties) = preSolution
		HideSolutionNode = FALSE
	EndGlobalSection
EndGlobal
